PODS:
  - KKBaseComponent (0.0.1)
  - MBProgressHUD (0.9.2)

DEPENDENCIES:
  - KKBaseComponent
  - MBProgressHUD (~> 0.9.2)

SPEC CHECKSUMS:
  KKBaseComponent: ea0173b337914515746908b34add1336c3383016
  MBProgressHUD: 1569cf7ace17a8bac47aabfbb8580a49690386d1

PODFILE CHECKSUM: c853b8124cb12fb140d88d4dc589a4d27657ff84

COCOAPODS: 1.1.0.beta.2
